
Microsoft Visual Studio Solution File, Format Version 12.00
# Visual Studio Version 16
VisualStudioVersion = 16.0.32228.343
MinimumVisualStudioVersion = 10.0.40219.1
Project("{FAE04EC0-301F-11D3-BF4B-00C04F79EFBC}") = "ProjectJogo", "ProjectJogo\ProjectJogo.csproj", "{743BAEA5-A306-41CC-9D8A-BD22D0FF7D4F}"
EndProject
Global
	GlobalSection(SolutionConfigurationPlatforms) = preSolution
		Debug|Any CPU = Debug|Any CPU
		Release|Any CPU = Release|Any CPU
	EndGlobalSection
	GlobalSection(ProjectConfigurationPlatforms) = postSolution
		{743BAEA5-A306-41CC-9D8A-BD22D0FF7D4F}.Debug|Any CPU.ActiveCfg = Debug|Any CPU
		{743BAEA5-A306-41CC-9D8A-BD22D0FF7D4F}.Debug|Any CPU.Build.0 = Debug|Any CPU
		{743BAEA5-A306-41CC-9D8A-BD22D0FF7D4F}.Release|Any CPU.ActiveCfg = Release|Any CPU
		{743BAEA5-A306-41CC-9D8A-BD22D0FF7D4F}.Release|Any CPU.Build.0 = Release|Any CPU
	EndGlobalSection
	GlobalSection(SolutionProperties) = preSolution
		HideSolutionNode = FALSE
	EndGlobalSection
	GlobalSection(ExtensibilityGlobals) = postSolution
		SolutionGuid = {B16B8047-49C9-411B-AAA8-BB91593049A9}
	EndGlobalSection
EndGlobal
